{
  "R": {
    "Version": "4.1.3",
    "Repositories": [
      {
        "Name": "mrcide",
        "URL": "https://mrc-ide.r-universe.dev"
      },
      {
        "Name": "gadenbuie",
        "URL": "https://gadenbuie.r-universe.dev"
      },
      {
        "Name": "epiforecasts",
        "URL": "https://epiforecasts.r-universe.dev"
      },
      {
        "Name": "easystats",
        "URL": "https://easystats.r-universe.dev"
      },
      {
        "Name": "mcstan",
        "URL": "https://mc-stan.org/r-packages"
      },
      {
        "Name": "ropensci",
        "URL": "https://ropensci.r-universe.dev"
      },
      {
        "Name": "rforge",
        "URL": "https://r-forge.r-universe.dev"
      },
      {
        "Name": "henrikbengtsson",
        "URL": "https://henrikbengtsson.r-universe.dev"
      },
      {
        "Name": "ncovic",
        "URL": "https://ncov-ic.r-universe.dev"
      },
      {
        "Name": "CRAN",
        "URL": "https://cran.rstudio.com"
      }
    ]
  },
  "Packages": {
    "data.table": {
      "Package": "data.table",
      "Version": "1.14.2",
      "Source": "Repository",
      "Repository": "CRAN",
      "Hash": "36b67b5adf57b292923f5659f5f0c853",
      "Requirements": []
    },
    "here": {
      "Package": "here",
      "Version": "1.0.1",
      "Source": "Repository",
      "Repository": "CRAN",
      "Hash": "24b224366f9c2e7534d2344d10d59211",
      "Requirements": [
        "rprojroot"
      ]
    },
    "jsonlite": {
      "Package": "jsonlite",
      "Version": "1.8.0",
      "Source": "Repository",
      "Repository": "CRAN",
      "Hash": "d07e729b27b372429d42d24d503613a0",
      "Requirements": []
    },
    "renv": {
      "Package": "renv",
      "Version": "0.15.4",
      "Source": "Repository",
      "Repository": "CRAN",
      "Hash": "c1078316e1d4f70275fc1ea60c0bc431",
      "Requirements": []
    },
    "rprojroot": {
      "Package": "rprojroot",
      "Version": "2.0.3",
      "Source": "Repository",
      "Repository": "CRAN",
      "Hash": "1de7ab598047a87bba48434ba35d497d",
      "Requirements": []
    },
    "stringi": {
      "Package": "stringi",
      "Version": "1.7.6",
      "Source": "Repository",
      "Repository": "CRAN",
      "Hash": "bba431031d30789535745a9627ac9271",
      "Requirements": []
    }
  }
}
